
Microsoft Visual Studio Solution File, Format Version 12.00
# Visual Studio 15
VisualStudioVersion = 15.0.27703.2042
MinimumVisualStudioVersion = 10.0.40219.1
Project("{FAE04EC0-301F-11D3-BF4B-00C04F79EFBC}") = "Array1", "Array1\Array1.csproj", "{0237104E-84C1-4F0D-9DA1-57955353E1DF}"
EndProject
Global
	GlobalSection(SolutionConfigurationPlatforms) = preSolution
		Debug|Any CPU = Debug|Any CPU
		Release|Any CPU = Release|Any CPU
	EndGlobalSection
	GlobalSection(ProjectConfigurationPlatforms) = postSolution
		{0237104E-84C1-4F0D-9DA1-57955353E1DF}.Debug|Any CPU.ActiveCfg = Debug|Any CPU
		{0237104E-84C1-4F0D-9DA1-57955353E1DF}.Debug|Any CPU.Build.0 = Debug|Any CPU
		{0237104E-84C1-4F0D-9DA1-57955353E1DF}.Release|Any CPU.ActiveCfg = Release|Any CPU
		{0237104E-84C1-4F0D-9DA1-57955353E1DF}.Release|Any CPU.Build.0 = Release|Any CPU
	EndGlobalSection
	GlobalSection(SolutionProperties) = preSolution
		HideSolutionNode = FALSE
	EndGlobalSection
	GlobalSection(ExtensibilityGlobals) = postSolution
		SolutionGuid = {7A9A1881-E803-4321-8221-9A2C5738B4EB}
	EndGlobalSection
EndGlobal
